
Microsoft Visual Studio Solution File, Format Version 12.00
# Visual Studio Version 17
Project("{8BC9CEB8-8B4A-11D0-8D11-00A0C91BC942}") = "ALL_BUILD", "ALL_BUILD.vcxproj", "{78BC8CE6-4266-3C6C-983B-535581253A4A}"
	ProjectSection(ProjectDependencies) = postProject
		{28E2CEB3-6F0F-3EA2-BFAE-FADDE395017F} = {28E2CEB3-6F0F-3EA2-BFAE-FADDE395017F}
		{349A96B7-6D3B-393A-AC75-D6B2FB051BCB} = {349A96B7-6D3B-393A-AC75-D6B2FB051BCB}
		{2B05D12B-BFED-3DB3-BEB8-50D383EEB7F6} = {2B05D12B-BFED-3DB3-BEB8-50D383EEB7F6}
		{CA17504E-58AF-3A31-9921-9C02EC020CF5} = {CA17504E-58AF-3A31-9921-9C02EC020CF5}
		{B21A4D48-5ABF-3135-805A-5585B777AF47} = {B21A4D48-5ABF-3135-805A-5585B777AF47}
	EndProjectSection
EndProject
Project("{8BC9CEB8-8B4A-11D0-8D11-00A0C91BC942}") = "INSTALL", "INSTALL.vcxproj", "{1473DA43-426D-3511-8DB4-1F2BC90E4E90}"
	ProjectSection(ProjectDependencies) = postProject
		{78BC8CE6-4266-3C6C-983B-535581253A4A} = {78BC8CE6-4266-3C6C-983B-535581253A4A}
		{B21A4D48-5ABF-3135-805A-5585B777AF47} = {B21A4D48-5ABF-3135-805A-5585B777AF47}
	EndProjectSection
EndProject
Project("{8BC9CEB8-8B4A-11D0-8D11-00A0C91BC942}") = "SDL2", "SDL2.vcxproj", "{28E2CEB3-6F0F-3EA2-BFAE-FADDE395017F}"
	ProjectSection(ProjectDependencies) = postProject
		{B21A4D48-5ABF-3135-805A-5585B777AF47} = {B21A4D48-5ABF-3135-805A-5585B777AF47}
		{A90DE568-BB47-3C67-B160-D3C68808A434} = {A90DE568-BB47-3C67-B160-D3C68808A434}
	EndProjectSection
EndProject
Project("{8BC9CEB8-8B4A-11D0-8D11-00A0C91BC942}") = "SDL2-static", "SDL2-static.vcxproj", "{349A96B7-6D3B-393A-AC75-D6B2FB051BCB}"
	ProjectSection(ProjectDependencies) = postProject
		{B21A4D48-5ABF-3135-805A-5585B777AF47} = {B21A4D48-5ABF-3135-805A-5585B777AF47}
		{A90DE568-BB47-3C67-B160-D3C68808A434} = {A90DE568-BB47-3C67-B160-D3C68808A434}
	EndProjectSection
EndProject
Project("{8BC9CEB8-8B4A-11D0-8D11-00A0C91BC942}") = "SDL2_test", "SDL2_test.vcxproj", "{2B05D12B-BFED-3DB3-BEB8-50D383EEB7F6}"
	ProjectSection(ProjectDependencies) = postProject
		{B21A4D48-5ABF-3135-805A-5585B777AF47} = {B21A4D48-5ABF-3135-805A-5585B777AF47}
		{A90DE568-BB47-3C67-B160-D3C68808A434} = {A90DE568-BB47-3C67-B160-D3C68808A434}
	EndProjectSection
EndProject
Project("{8BC9CEB8-8B4A-11D0-8D11-00A0C91BC942}") = "SDL2main", "SDL2main.vcxproj", "{CA17504E-58AF-3A31-9921-9C02EC020CF5}"
	ProjectSection(ProjectDependencies) = postProject
		{B21A4D48-5ABF-3135-805A-5585B777AF47} = {B21A4D48-5ABF-3135-805A-5585B777AF47}
		{A90DE568-BB47-3C67-B160-D3C68808A434} = {A90DE568-BB47-3C67-B160-D3C68808A434}
	EndProjectSection
EndProject
Project("{8BC9CEB8-8B4A-11D0-8D11-00A0C91BC942}") = "ZERO_CHECK", "ZERO_CHECK.vcxproj", "{B21A4D48-5ABF-3135-805A-5585B777AF47}"
	ProjectSection(ProjectDependencies) = postProject
	EndProjectSection
EndProject
Project("{8BC9CEB8-8B4A-11D0-8D11-00A0C91BC942}") = "sdl_headers_copy", "sdl_headers_copy.vcxproj", "{A90DE568-BB47-3C67-B160-D3C68808A434}"
	ProjectSection(ProjectDependencies) = postProject
		{B21A4D48-5ABF-3135-805A-5585B777AF47} = {B21A4D48-5ABF-3135-805A-5585B777AF47}
	EndProjectSection
EndProject
Project("{8BC9CEB8-8B4A-11D0-8D11-00A0C91BC942}") = "uninstall", "uninstall.vcxproj", "{35F05551-8912-3CD3-9497-84E6FD7F74DF}"
	ProjectSection(ProjectDependencies) = postProject
		{B21A4D48-5ABF-3135-805A-5585B777AF47} = {B21A4D48-5ABF-3135-805A-5585B777AF47}
	EndProjectSection
EndProject
Global
	GlobalSection(SolutionConfigurationPlatforms) = preSolution
		Debug|x64 = Debug|x64
		Release|x64 = Release|x64
		MinSizeRel|x64 = MinSizeRel|x64
		RelWithDebInfo|x64 = RelWithDebInfo|x64
	EndGlobalSection
	GlobalSection(ProjectConfigurationPlatforms) = postSolution
		{78BC8CE6-4266-3C6C-983B-535581253A4A}.Debug|x64.ActiveCfg = Debug|x64
		{78BC8CE6-4266-3C6C-983B-535581253A4A}.Debug|x64.Build.0 = Debug|x64
		{78BC8CE6-4266-3C6C-983B-535581253A4A}.Release|x64.ActiveCfg = Release|x64
		{78BC8CE6-4266-3C6C-983B-535581253A4A}.Release|x64.Build.0 = Release|x64
		{78BC8CE6-4266-3C6C-983B-535581253A4A}.MinSizeRel|x64.ActiveCfg = MinSizeRel|x64
		{78BC8CE6-4266-3C6C-983B-535581253A4A}.MinSizeRel|x64.Build.0 = MinSizeRel|x64
		{78BC8CE6-4266-3C6C-983B-535581253A4A}.RelWithDebInfo|x64.ActiveCfg = RelWithDebInfo|x64
		{78BC8CE6-4266-3C6C-983B-535581253A4A}.RelWithDebInfo|x64.Build.0 = RelWithDebInfo|x64
		{1473DA43-426D-3511-8DB4-1F2BC90E4E90}.Debug|x64.ActiveCfg = Debug|x64
		{1473DA43-426D-3511-8DB4-1F2BC90E4E90}.Release|x64.ActiveCfg = Release|x64
		{1473DA43-426D-3511-8DB4-1F2BC90E4E90}.MinSizeRel|x64.ActiveCfg = MinSizeRel|x64
		{1473DA43-426D-3511-8DB4-1F2BC90E4E90}.RelWithDebInfo|x64.ActiveCfg = RelWithDebInfo|x64
		{28E2CEB3-6F0F-3EA2-BFAE-FADDE395017F}.Debug|x64.ActiveCfg = Debug|x64
		{28E2CEB3-6F0F-3EA2-BFAE-FADDE395017F}.Debug|x64.Build.0 = Debug|x64
		{28E2CEB3-6F0F-3EA2-BFAE-FADDE395017F}.Release|x64.ActiveCfg = Release|x64
		{28E2CEB3-6F0F-3EA2-BFAE-FADDE395017F}.Release|x64.Build.0 = Release|x64
		{28E2CEB3-6F0F-3EA2-BFAE-FADDE395017F}.MinSizeRel|x64.ActiveCfg = MinSizeRel|x64
		{28E2CEB3-6F0F-3EA2-BFAE-FADDE395017F}.MinSizeRel|x64.Build.0 = MinSizeRel|x64
		{28E2CEB3-6F0F-3EA2-BFAE-FADDE395017F}.RelWithDebInfo|x64.ActiveCfg = RelWithDebInfo|x64
		{28E2CEB3-6F0F-3EA2-BFAE-FADDE395017F}.RelWithDebInfo|x64.Build.0 = RelWithDebInfo|x64
		{349A96B7-6D3B-393A-AC75-D6B2FB051BCB}.Debug|x64.ActiveCfg = Debug|x64
		{349A96B7-6D3B-393A-AC75-D6B2FB051BCB}.Debug|x64.Build.0 = Debug|x64
		{349A96B7-6D3B-393A-AC75-D6B2FB051BCB}.Release|x64.ActiveCfg = Release|x64
		{349A96B7-6D3B-393A-AC75-D6B2FB051BCB}.Release|x64.Build.0 = Release|x64
		{349A96B7-6D3B-393A-AC75-D6B2FB051BCB}.MinSizeRel|x64.ActiveCfg = MinSizeRel|x64
		{349A96B7-6D3B-393A-AC75-D6B2FB051BCB}.MinSizeRel|x64.Build.0 = MinSizeRel|x64
		{349A96B7-6D3B-393A-AC75-D6B2FB051BCB}.RelWithDebInfo|x64.ActiveCfg = RelWithDebInfo|x64
		{349A96B7-6D3B-393A-AC75-D6B2FB051BCB}.RelWithDebInfo|x64.Build.0 = RelWithDebInfo|x64
		{2B05D12B-BFED-3DB3-BEB8-50D383EEB7F6}.Debug|x64.ActiveCfg = Debug|x64
		{2B05D12B-BFED-3DB3-BEB8-50D383EEB7F6}.Debug|x64.Build.0 = Debug|x64
		{2B05D12B-BFED-3DB3-BEB8-50D383EEB7F6}.Release|x64.ActiveCfg = Release|x64
		{2B05D12B-BFED-3DB3-BEB8-50D383EEB7F6}.Release|x64.Build.0 = Release|x64
		{2B05D12B-BFED-3DB3-BEB8-50D383EEB7F6}.MinSizeRel|x64.ActiveCfg = MinSizeRel|x64
		{2B05D12B-BFED-3DB3-BEB8-50D383EEB7F6}.MinSizeRel|x64.Build.0 = MinSizeRel|x64
		{2B05D12B-BFED-3DB3-BEB8-50D383EEB7F6}.RelWithDebInfo|x64.ActiveCfg = RelWithDebInfo|x64
		{2B05D12B-BFED-3DB3-BEB8-50D383EEB7F6}.RelWithDebInfo|x64.Build.0 = RelWithDebInfo|x64
		{CA17504E-58AF-3A31-9921-9C02EC020CF5}.Debug|x64.ActiveCfg = Debug|x64
		{CA17504E-58AF-3A31-9921-9C02EC020CF5}.Debug|x64.Build.0 = Debug|x64
		{CA17504E-58AF-3A31-9921-9C02EC020CF5}.Release|x64.ActiveCfg = Release|x64
		{CA17504E-58AF-3A31-9921-9C02EC020CF5}.Release|x64.Build.0 = Release|x64
		{CA17504E-58AF-3A31-9921-9C02EC020CF5}.MinSizeRel|x64.ActiveCfg = MinSizeRel|x64
		{CA17504E-58AF-3A31-9921-9C02EC020CF5}.MinSizeRel|x64.Build.0 = MinSizeRel|x64
		{CA17504E-58AF-3A31-9921-9C02EC020CF5}.RelWithDebInfo|x64.ActiveCfg = RelWithDebInfo|x64
		{CA17504E-58AF-3A31-9921-9C02EC020CF5}.RelWithDebInfo|x64.Build.0 = RelWithDebInfo|x64
		{B21A4D48-5ABF-3135-805A-5585B777AF47}.Debug|x64.ActiveCfg = Debug|x64
		{B21A4D48-5ABF-3135-805A-5585B777AF47}.Debug|x64.Build.0 = Debug|x64
		{B21A4D48-5ABF-3135-805A-5585B777AF47}.Release|x64.ActiveCfg = Release|x64
		{B21A4D48-5ABF-3135-805A-5585B777AF47}.Release|x64.Build.0 = Release|x64
		{B21A4D48-5ABF-3135-805A-5585B777AF47}.MinSizeRel|x64.ActiveCfg = MinSizeRel|x64
		{B21A4D48-5ABF-3135-805A-5585B777AF47}.MinSizeRel|x64.Build.0 = MinSizeRel|x64
		{B21A4D48-5ABF-3135-805A-5585B777AF47}.RelWithDebInfo|x64.ActiveCfg = RelWithDebInfo|x64
		{B21A4D48-5ABF-3135-805A-5585B777AF47}.RelWithDebInfo|x64.Build.0 = RelWithDebInfo|x64
		{A90DE568-BB47-3C67-B160-D3C68808A434}.Debug|x64.ActiveCfg = Debug|x64
		{A90DE568-BB47-3C67-B160-D3C68808A434}.Debug|x64.Build.0 = Debug|x64
		{A90DE568-BB47-3C67-B160-D3C68808A434}.Release|x64.ActiveCfg = Release|x64
		{A90DE568-BB47-3C67-B160-D3C68808A434}.Release|x64.Build.0 = Release|x64
		{A90DE568-BB47-3C67-B160-D3C68808A434}.MinSizeRel|x64.ActiveCfg = MinSizeRel|x64
		{A90DE568-BB47-3C67-B160-D3C68808A434}.MinSizeRel|x64.Build.0 = MinSizeRel|x64
		{A90DE568-BB47-3C67-B160-D3C68808A434}.RelWithDebInfo|x64.ActiveCfg = RelWithDebInfo|x64
		{A90DE568-BB47-3C67-B160-D3C68808A434}.RelWithDebInfo|x64.Build.0 = RelWithDebInfo|x64
		{35F05551-8912-3CD3-9497-84E6FD7F74DF}.Debug|x64.ActiveCfg = Debug|x64
		{35F05551-8912-3CD3-9497-84E6FD7F74DF}.Release|x64.ActiveCfg = Release|x64
		{35F05551-8912-3CD3-9497-84E6FD7F74DF}.MinSizeRel|x64.ActiveCfg = MinSizeRel|x64
		{35F05551-8912-3CD3-9497-84E6FD7F74DF}.RelWithDebInfo|x64.ActiveCfg = RelWithDebInfo|x64
	EndGlobalSection
	GlobalSection(ExtensibilityGlobals) = postSolution
		SolutionGuid = {379AE960-CB31-36AB-A467-BC96C4411048}
	EndGlobalSection
	GlobalSection(ExtensibilityAddIns) = postSolution
	EndGlobalSection
EndGlobal
