<?xml version="1.0" encoding="utf-8"?>
<Project ToolsVersion="17.0" xmlns="http://schemas.microsoft.com/developer/msbuild/2003">
  <ItemGroup>
    <CustomBuild Include="C:\Users\luizc\OneDrive\Área de Trabalho\p\glewbuild\CMakeFiles\8bed4c033f34b35e16a38ed3dcb4dc5f\INSTALL_force.rule">
      <Filter>CMake Rules</Filter>
    </CustomBuild>
  </ItemGroup>
  <ItemGroup>
    <Filter Include="CMake Rules">
      <UniqueIdentifier>{F31C0289-44AE-34CC-A928-2152FD80C4CB}</UniqueIdentifier>
    </Filter>
  </ItemGroup>
</Project>
