<?xml version="1.0" encoding="utf-8"?>
<Project ToolsVersion="17.0" xmlns="http://schemas.microsoft.com/developer/msbuild/2003">
  <ItemGroup>
    <ClCompile Include="C:\Users\luizc\OneDrive\Área de Trabalho\p\glew\glew\src\visualinfo.c">
      <Filter>Source Files</Filter>
    </ClCompile>
  </ItemGroup>
  <ItemGroup>
    <CustomBuild Include="C:\Users\luizc\OneDrive\Área de Trabalho\p\glew\glew\build\cmake\CMakeLists.txt" />
  </ItemGroup>
  <ItemGroup>
    <ResourceCompile Include="C:\Users\luizc\OneDrive\Área de Trabalho\p\glew\glew\build\visualinfo.rc">
      <Filter>Source Files</Filter>
    </ResourceCompile>
  </ItemGroup>
  <ItemGroup>
    <Filter Include="Source Files">
      <UniqueIdentifier>{6297895F-6629-3D79-9EC2-482DFF2A53A8}</UniqueIdentifier>
    </Filter>
  </ItemGroup>
</Project>
